
Microsoft Visual Studio Solution File, Format Version 12.00
# Visual Studio Version 17
VisualStudioVersion = 17.6.33829.357
MinimumVisualStudioVersion = 10.0.40219.1
Project("{FAE04EC0-301F-11D3-BF4B-00C04F79EFBC}") = "ConsumeRestAPI", "ConsumeRestAPI\ConsumeRestAPI.csproj", "{AD9EAF06-4E27-41A7-BB57-AC024423304B}"
EndProject
Global
	GlobalSection(SolutionConfigurationPlatforms) = preSolution
		Debug|Any CPU = Debug|Any CPU
		Release|Any CPU = Release|Any CPU
	EndGlobalSection
	GlobalSection(ProjectConfigurationPlatforms) = postSolution
		{AD9EAF06-4E27-41A7-BB57-AC024423304B}.Debug|Any CPU.ActiveCfg = Debug|Any CPU
		{AD9EAF06-4E27-41A7-BB57-AC024423304B}.Debug|Any CPU.Build.0 = Debug|Any CPU
		{AD9EAF06-4E27-41A7-BB57-AC024423304B}.Release|Any CPU.ActiveCfg = Release|Any CPU
		{AD9EAF06-4E27-41A7-BB57-AC024423304B}.Release|Any CPU.Build.0 = Release|Any CPU
	EndGlobalSection
	GlobalSection(SolutionProperties) = preSolution
		HideSolutionNode = FALSE
	EndGlobalSection
	GlobalSection(ExtensibilityGlobals) = postSolution
		SolutionGuid = {F57F0AE4-1F74-42AF-B28F-7C9AEFD9A805}
	EndGlobalSection
EndGlobal
